{
  "version": 4,
  "terraform_version": "1.14.9",
  "serial": 1,
  "lineage": "bb72b1e3-05eb-88f0-639a-42dcb4766429",
  "outputs": {},
  "resources": [
    {
      "mode": "managed",
      "type": "local_file",
      "name": "example",
      "provider": "provider[\"registry.terraform.io/hashicorp/local\"]",
      "instances": [
        {
          "schema_version": 0,
          "attributes": {
            "content": "Hello from Terraform 🚀",
            "content_base64": null,
            "content_base64sha256": "hr2no+/0FLnCrKP/DFt4XZkIf9KvSiaGn5dm0f8tP6A=",
            "content_base64sha512": "95vM9HnRYiK/EXlLNuC/lMDA6/MeIEPrIgNHWA7b3GFBd8yGg0fMn/LZh8f+ya3XijE6HbaTXbeE7vZgH6rUpA==",
            "content_md5": "70654a35ceecc578202f2db69be44ad9",
            "content_sha1": "54df6a4a065182badf671c398b4b0d482fd726bf",
            "content_sha256": "86bda7a3eff414b9c2aca3ff0c5b785d99087fd2af4a26869f9766d1ff2d3fa0",
            "content_sha512": "f79bccf479d16222bf11794b36e0bf94c0c0ebf31e2043eb220347580edbdc614177cc868347cc9ff2d987c7fec9add78a313a1db6935db784eef6601faad4a4",
            "directory_permission": "0777",
            "file_permission": "0777",
            "filename": "output.txt",
            "id": "54df6a4a065182badf671c398b4b0d482fd726bf",
            "sensitive_content": null,
            "source": null
          },
          "sensitive_attributes": [
            [
              {
                "type": "get_attr",
                "value": "sensitive_content"
              }
            ]
          ],
          "identity_schema_version": 0
        }
      ]
    }
  ],
  "check_results": null
}
